
Microsoft Visual Studio Solution File, Format Version 12.00
# Visual Studio Version 17
VisualStudioVersion = 17.8.34330.188
MinimumVisualStudioVersion = 10.0.40219.1
Project("{FAE04EC0-301F-11D3-BF4B-00C04F79EFBC}") = "EnumerationsAndStructuresAndClasses", "EnumerationsAndStructuresAndClasses\EnumerationsAndStructuresAndClasses.csproj", "{9105701D-A6CD-4CB6-9951-3B354EC32930}"
EndProject
Global
	GlobalSection(SolutionConfigurationPlatforms) = preSolution
		Debug|Any CPU = Debug|Any CPU
		Release|Any CPU = Release|Any CPU
	EndGlobalSection
	GlobalSection(ProjectConfigurationPlatforms) = postSolution
		{9105701D-A6CD-4CB6-9951-3B354EC32930}.Debug|Any CPU.ActiveCfg = Debug|Any CPU
		{9105701D-A6CD-4CB6-9951-3B354EC32930}.Debug|Any CPU.Build.0 = Debug|Any CPU
		{9105701D-A6CD-4CB6-9951-3B354EC32930}.Release|Any CPU.ActiveCfg = Release|Any CPU
		{9105701D-A6CD-4CB6-9951-3B354EC32930}.Release|Any CPU.Build.0 = Release|Any CPU
	EndGlobalSection
	GlobalSection(SolutionProperties) = preSolution
		HideSolutionNode = FALSE
	EndGlobalSection
	GlobalSection(ExtensibilityGlobals) = postSolution
		SolutionGuid = {69F1F77C-D1FC-4659-AD36-E4ECF1CD2A33}
	EndGlobalSection
EndGlobal
